// !$*UTF8*$!
{
	archiveVersion = 1;
	classes = {
	};
	objectVersion = 56;
	objects = {

/* Begin PBXBuildFile section */
		C506027D29C254F8003113F4 /* MapView.swift in Sources */ = {isa = PBXBuildFile; fileRef = C506027C29C254F8003113F4 /* MapView.swift */; };
		C506028129C2577B003113F4 /* Design.swift in Sources */ = {isa = PBXBuildFile; fileRef = C506028029C2577B003113F4 /* Design.swift */; };
		C506028329C2580A003113F4 /* MoneyExchangeStruct.swift in Sources */ = {isa = PBXBuildFile; fileRef = C506028229C2580A003113F4 /* MoneyExchangeStruct.swift */; };
		C506028729C265F2003113F4 /* MoneyExchangeClass.swift in Sources */ = {isa = PBXBuildFile; fileRef = C506028629C265F2003113F4 /* MoneyExchangeClass.swift */; };
		C5716DE129C2487100E545CF /* AppDelegate.swift in Sources */ = {isa = PBXBuildFile; fileRef = C5716DE029C2487100E545CF /* AppDelegate.swift */; };
		C5716DE329C2487100E545CF /* SceneDelegate.swift in Sources */ = {isa = PBXBuildFile; fileRef = C5716DE229C2487100E545CF /* SceneDelegate.swift */; };
		C5716DE529C2487100E545CF /* ViewController.swift in Sources */ = {isa = PBXBuildFile; fileRef = C5716DE429C2487100E545CF /* ViewController.swift */; };
		C5716DE829C2487100E545CF /* Main.storyboard in Resources */ = {isa = PBXBuildFile; fileRef = C5716DE629C2487100E545CF /* Main.storyboard */; };
		C5716DEA29C2487200E545CF /* Assets.xcassets in Resources */ = {isa = PBXBuildFile; fileRef = C5716DE929C2487200E545CF /* Assets.xcassets */; };
		C5716DED29C2487200E545CF /* LaunchScreen.storyboard in Resources */ = {isa = PBXBuildFile; fileRef = C5716DEB29C2487200E545CF /* LaunchScreen.storyboard */; };
/* End PBXBuildFile section */

/* Begin PBXFileReference section */
		C506027C29C254F8003113F4 /* MapView.swift */ = {isa = PBXFileReference; lastKnownFileType = sourcecode.swift; path = MapView.swift; sourceTree = "<group>"; };
		C506028029C2577B003113F4 /* Design.swift */ = {isa = PBXFileReference; lastKnownFileType = sourcecode.swift; path = Design.swift; sourceTree = "<group>"; };
		C506028229C2580A003113F4 /* MoneyExchangeStruct.swift */ = {isa = PBXFileReference; lastKnownFileType = sourcecode.swift; path = MoneyExchangeStruct.swift; sourceTree = "<group>"; };
		C506028629C265F2003113F4 /* MoneyExchangeClass.swift */ = {isa = PBXFileReference; lastKnownFileType = sourcecode.swift; path = MoneyExchangeClass.swift; sourceTree = "<group>"; };
		C5716DDD29C2487100E545CF /* myCurrencyExchangeApp.app */ = {isa = PBXFileReference; explicitFileType = wrapper.application; includeInIndex = 0; path = myCurrencyExchangeApp.app; sourceTree = BUILT_PRODUCTS_DIR; };
		C5716DE029C2487100E545CF /* AppDelegate.swift */ = {isa = PBXFileReference; lastKnownFileType = sourcecode.swift; path = AppDelegate.swift; sourceTree = "<group>"; };
		C5716DE229C2487100E545CF /* SceneDelegate.swift */ = {isa = PBXFileReference; lastKnownFileType = sourcecode.swift; path = SceneDelegate.swift; sourceTree = "<group>"; };
		C5716DE429C2487100E545CF /* ViewController.swift */ = {isa = PBXFileReference; lastKnownFileType = sourcecode.swift; path = ViewController.swift; sourceTree = "<group>"; };
		C5716DE729C2487100E545CF /* Base */ = {isa = PBXFileReference; lastKnownFileType = file.storyboard; name = Base; path = Base.lproj/Main.storyboard; sourceTree = "<group>"; };
		C5716DE929C2487200E545CF /* Assets.xcassets */ = {isa = PBXFileReference; lastKnownFileType = folder.assetcatalog; path = Assets.xcassets; sourceTree = "<group>"; };
		C5716DEC29C2487200E545CF /* Base */ = {isa = PBXFileReference; lastKnownFileType = file.storyboard; name = Base; path = Base.lproj/LaunchScreen.storyboard; sourceTree = "<group>"; };
		C5716DEE29C2487200E545CF /* Info.plist */ = {isa = PBXFileReference; lastKnownFileType = text.plist.xml; path = Info.plist; sourceTree = "<group>"; };
/* End PBXFileReference section */

/* Begin PBXFrameworksBuildPhase section */
		C5716DDA29C2487100E545CF /* Frameworks */ = {
			isa = PBXFrameworksBuildPhase;
			buildActionMask = 2147483647;
			files = (
			);
			runOnlyForDeploymentPostprocessing = 0;
		};
/* End PBXFrameworksBuildPhase section */

/* Begin PBXGroup section */
		C5716DD429C2487100E545CF = {
			isa = PBXGroup;
			children = (
				C5716DDF29C2487100E545CF /* myCurrencyExchangeApp */,
				C5716DDE29C2487100E545CF /* Products */,
			);
			sourceTree = "<group>";
		};
		C5716DDE29C2487100E545CF /* Products */ = {
			isa = PBXGroup;
			children = (
				C5716DDD29C2487100E545CF /* myCurrencyExchangeApp.app */,
			);
			name = Products;
			sourceTree = "<group>";
		};
		C5716DDF29C2487100E545CF /* myCurrencyExchangeApp */ = {
			isa = PBXGroup;
			children = (
				C5716DE029C2487100E545CF /* AppDelegate.swift */,
				C5716DE229C2487100E545CF /* SceneDelegate.swift */,
				C5716DE429C2487100E545CF /* ViewController.swift */,
				C506028629C265F2003113F4 /* MoneyExchangeClass.swift */,
				C506028229C2580A003113F4 /* MoneyExchangeStruct.swift */,
				C506027C29C254F8003113F4 /* MapView.swift */,
				C506028029C2577B003113F4 /* Design.swift */,
				C5716DE629C2487100E545CF /* Main.storyboard */,
				C5716DE929C2487200E545CF /* Assets.xcassets */,
				C5716DEB29C2487200E545CF /* LaunchScreen.storyboard */,
				C5716DEE29C2487200E545CF /* Info.plist */,
			);
			path = myCurrencyExchangeApp;
			sourceTree = "<group>";
		};
/* End PBXGroup section */

/* Begin PBXNativeTarget section */
		C5716DDC29C2487100E545CF /* myCurrencyExchangeApp */ = {
			isa = PBXNativeTarget;
			buildConfigurationList = C5716DF129C2487200E545CF /* Build configuration list for PBXNativeTarget "myCurrencyExchangeApp" */;
			buildPhases = (
				C5716DD929C2487100E545CF /* Sources */,
				C5716DDA29C2487100E545CF /* Frameworks */,
				C5716DDB29C2487100E545CF /* Resources */,
			);
			buildRules = (
			);
			dependencies = (
			);
			name = myCurrencyExchangeApp;
			productName = myCurrencyExchangeApp;
			productReference = C5716DDD29C2487100E545CF /* myCurrencyExchangeApp.app */;
			productType = "com.apple.product-type.application";
		};
/* End PBXNativeTarget section */

/* Begin PBXProject section */
		C5716DD529C2487100E545CF /* Project object */ = {
			isa = PBXProject;
			attributes = {
				BuildIndependentTargetsInParallel = 1;
				LastSwiftUpdateCheck = 1420;
				LastUpgradeCheck = 1420;
				TargetAttributes = {
					C5716DDC29C2487100E545CF = {
						CreatedOnToolsVersion = 14.2;
					};
				};
			};
			buildConfigurationList = C5716DD829C2487100E545CF /* Build configuration list for PBXProject "myCurrencyExchangeApp" */;
			compatibilityVersion = "Xcode 14.0";
			developmentRegion = en;
			hasScannedForEncodings = 0;
			knownRegions = (
				en,
				Base,
			);
			mainGroup = C5716DD429C2487100E545CF;
			productRefGroup = C5716DDE29C2487100E545CF /* Products */;
			projectDirPath = "";
			projectRoot = "";
			targets = (
				C5716DDC29C2487100E545CF /* myCurrencyExchangeApp */,
			);
		};
/* End PBXProject section */

/* Begin PBXResourcesBuildPhase section */
		C5716DDB29C2487100E545CF /* Resources */ = {
			isa = PBXResourcesBuildPhase;
			buildActionMask = 2147483647;
			files = (
				C5716DED29C2487200E545CF /* LaunchScreen.storyboard in Resources */,
				C5716DEA29C2487200E545CF /* Assets.xcassets in Resources */,
				C5716DE829C2487100E545CF /* Main.storyboard in Resources */,
			);
			runOnlyForDeploymentPostprocessing = 0;
		};
/* End PBXResourcesBuildPhase section */

/* Begin PBXSourcesBuildPhase section */
		C5716DD929C2487100E545CF /* Sources */ = {
			isa = PBXSourcesBuildPhase;
			buildActionMask = 2147483647;
			files = (
				C5716DE529C2487100E545CF /* ViewController.swift in Sources */,
				C506027D29C254F8003113F4 /* MapView.swift in Sources */,
				C5716DE129C2487100E545CF /* AppDelegate.swift in Sources */,
				C5716DE329C2487100E545CF /* SceneDelegate.swift in Sources */,
				C506028729C265F2003113F4 /* MoneyExchangeClass.swift in Sources */,
				C506028329C2580A003113F4 /* MoneyExchangeStruct.swift in Sources */,
				C506028129C2577B003113F4 /* Design.swift in Sources */,
			);
			runOnlyForDeploymentPostprocessing = 0;
		};
/* End PBXSourcesBuildPhase section */

/* Begin PBXVariantGroup section */
		C5716DE629C2487100E545CF /* Main.storyboard */ = {
			isa = PBXVariantGroup;
			children = (
				C5716DE729C2487100E545CF /* Base */,
			);
			name = Main.storyboard;
			sourceTree = "<group>";
		};
		C5716DEB29C2487200E545CF /* LaunchScreen.storyboard */ = {
			isa = PBXVariantGroup;
			children = (
				C5716DEC29C2487200E545CF /* Base */,
			);
			name = LaunchScreen.storyboard;
			sourceTree = "<group>";
		};
/* End PBXVariantGroup section */

/* Begin XCBuildConfiguration section */
		C5716DEF29C2487200E545CF /* Debug */ = {
			isa = XCBuildConfiguration;
			buildSettings = {
				ALWAYS_SEARCH_USER_PATHS = NO;
				CLANG_ANALYZER_NONNULL = YES;
				CLANG_ANALYZER_NUMBER_OBJECT_CONVERSION = YES_AGGRESSIVE;
				CLANG_CXX_LANGUAGE_STANDARD = "gnu++20";
				CLANG_ENABLE_MODULES = YES;
				CLANG_ENABLE_OBJC_ARC = YES;
				CLANG_ENABLE_OBJC_WEAK = YES;
				CLANG_WARN_BLOCK_CAPTURE_AUTORELEASING = YES;
				CLANG_WARN_BOOL_CONVERSION = YES;
				CLANG_WARN_COMMA = YES;
				CLANG_WARN_CONSTANT_CONVERSION = YES;
				CLANG_WARN_DEPRECATED_OBJC_IMPLEMENTATIONS = YES;
				CLANG_WARN_DIRECT_OBJC_ISA_USAGE = YES_ERROR;
				CLANG_WARN_DOCUMENTATION_COMMENTS = YES;
				CLANG_WARN_EMPTY_BODY = YES;
				CLANG_WARN_ENUM_CONVERSION = YES;
				CLANG_WARN_INFINITE_RECURSION = YES;
				CLANG_WARN_INT_CONVERSION = YES;
				CLANG_WARN_NON_LITERAL_NULL_CONVERSION = YES;
				CLANG_WARN_OBJC_IMPLICIT_RETAIN_SELF = YES;
				CLANG_WARN_OBJC_LITERAL_CONVERSION = YES;
				CLANG_WARN_OBJC_ROOT_CLASS = YES_ERROR;
				CLANG_WARN_QUOTED_INCLUDE_IN_FRAMEWORK_HEADER = YES;
				CLANG_WARN_RANGE_LOOP_ANALYSIS = YES;
				CLANG_WARN_STRICT_PROTOTYPES = YES;
				CLANG_WARN_SUSPICIOUS_MOVE = YES;
				CLANG_WARN_UNGUARDED_AVAILABILITY = YES_AGGRESSIVE;
				CLANG_WARN_UNREACHABLE_CODE = YES;
				CLANG_WARN__DUPLICATE_METHOD_MATCH = YES;
				COPY_PHASE_STRIP = NO;
				DEBUG_INFORMATION_FORMAT = dwarf;
				ENABLE_STRICT_OBJC_MSGSEND = YES;
				ENABLE_TESTABILITY = YES;
				GCC_C_LANGUAGE_STANDARD = gnu11;
				GCC_DYNAMIC_NO_PIC = NO;
				GCC_NO_COMMON_BLOCKS = YES;
				GCC_OPTIMIZATION_LEVEL = 0;
				GCC_PREPROCESSOR_DEFINITIONS = (
					"DEBUG=1",
					"$(inherited)",
				);
				GCC_WARN_64_TO_32_BIT_CONVERSION = YES;
				GCC_WARN_ABOUT_RETURN_TYPE = YES_ERROR;
				GCC_WARN_UNDECLARED_SELECTOR = YES;
				GCC_WARN_UNINITIALIZED_AUTOS = YES_AGGRESSIVE;
				GCC_WARN_UNUSED_FUNCTION = YES;
				GCC_WARN_UNUSED_VARIABLE = YES;
				IPHONEOS_DEPLOYMENT_TARGET = 16.2;
				MTL_ENABLE_DEBUG_INFO = INCLUDE_SOURCE;
				MTL_FAST_MATH = YES;
				ONLY_ACTIVE_ARCH = YES;
				SDKROOT = iphoneos;
				SWIFT_ACTIVE_COMPILATION_CONDITIONS = DEBUG;
				SWIFT_OPTIMIZATION_LEVEL = "-Onone";
			};
			name = Debug;
		};
		C5716DF029C2487200E545CF /* Release */ = {
			isa = XCBuildConfiguration;
			buildSettings = {
				ALWAYS_SEARCH_USER_PATHS = NO;
				CLANG_ANALYZER_NONNULL = YES;
				CLANG_ANALYZER_NUMBER_OBJECT_CONVERSION = YES_AGGRESSIVE;
				CLANG_CXX_LANGUAGE_STANDARD = "gnu++20";
				CLANG_ENABLE_MODULES = YES;
				CLANG_ENABLE_OBJC_ARC = YES;
				CLANG_ENABLE_OBJC_WEAK = YES;
				CLANG_WARN_BLOCK_CAPTURE_AUTORELEASING = YES;
				CLANG_WARN_BOOL_CONVERSION = YES;
				CLANG_WARN_COMMA = YES;
				CLANG_WARN_CONSTANT_CONVERSION = YES;
				CLANG_WARN_DEPRECATED_OBJC_IMPLEMENTATIONS = YES;
				CLANG_WARN_DIRECT_OBJC_ISA_USAGE = YES_ERROR;
				CLANG_WARN_DOCUMENTATION_COMMENTS = YES;
				CLANG_WARN_EMPTY_BODY = YES;
				CLANG_WARN_ENUM_CONVERSION = YES;
				CLANG_WARN_INFINITE_RECURSION = YES;
				CLANG_WARN_INT_CONVERSION = YES;
				CLANG_WARN_NON_LITERAL_NULL_CONVERSION = YES;
				CLANG_WARN_OBJC_IMPLICIT_RETAIN_SELF = YES;
				CLANG_WARN_OBJC_LITERAL_CONVERSION = YES;
				CLANG_WARN_OBJC_ROOT_CLASS = YES_ERROR;
				CLANG_WARN_QUOTED_INCLUDE_IN_FRAMEWORK_HEADER = YES;
				CLANG_WARN_RANGE_LOOP_ANALYSIS = YES;
				CLANG_WARN_STRICT_PROTOTYPES = YES;
				CLANG_WARN_SUSPICIOUS_MOVE = YES;
				CLANG_WARN_UNGUARDED_AVAILABILITY = YES_AGGRESSIVE;
				CLANG_WARN_UNREACHABLE_CODE = YES;
				CLANG_WARN__DUPLICATE_METHOD_MATCH = YES;
				COPY_PHASE_STRIP = NO;
				DEBUG_INFORMATION_FORMAT = "dwarf-with-dsym";
				ENABLE_NS_ASSERTIONS = NO;
				ENABLE_STRICT_OBJC_MSGSEND = YES;
				GCC_C_LANGUAGE_STANDARD = gnu11;
				GCC_NO_COMMON_BLOCKS = YES;
				GCC_WARN_64_TO_32_BIT_CONVERSION = YES;
				GCC_WARN_ABOUT_RETURN_TYPE = YES_ERROR;
				GCC_WARN_UNDECLARED_SELECTOR = YES;
				GCC_WARN_UNINITIALIZED_AUTOS = YES_AGGRESSIVE;
				GCC_WARN_UNUSED_FUNCTION = YES;
				GCC_WARN_UNUSED_VARIABLE = YES;
				IPHONEOS_DEPLOYMENT_TARGET = 16.2;
				MTL_ENABLE_DEBUG_INFO = NO;
				MTL_FAST_MATH = YES;
				SDKROOT = iphoneos;
				SWIFT_COMPILATION_MODE = wholemodule;
				SWIFT_OPTIMIZATION_LEVEL = "-O";
				VALIDATE_PRODUCT = YES;
			};
			name = Release;
		};
		C5716DF229C2487200E545CF /* Debug */ = {
			isa = XCBuildConfiguration;
			buildSettings = {
				ASSETCATALOG_COMPILER_APPICON_NAME = AppIcon;
				ASSETCATALOG_COMPILER_GLOBAL_ACCENT_COLOR_NAME = AccentColor;
				CODE_SIGN_STYLE = Automatic;
				CURRENT_PROJECT_VERSION = 1;
				GENERATE_INFOPLIST_FILE = YES;
				INFOPLIST_FILE = myCurrencyExchangeApp/Info.plist;
				INFOPLIST_KEY_UIApplicationSupportsIndirectInputEvents = YES;
				INFOPLIST_KEY_UILaunchStoryboardName = LaunchScreen;
				INFOPLIST_KEY_UIMainStoryboardFile = Main;
				INFOPLIST_KEY_UISupportedInterfaceOrientations_iPad = "UIInterfaceOrientationPortrait UIInterfaceOrientationPortraitUpsideDown UIInterfaceOrientationLandscapeLeft UIInterfaceOrientationLandscapeRight";
				INFOPLIST_KEY_UISupportedInterfaceOrientations_iPhone = "UIInterfaceOrientationPortrait UIInterfaceOrientationLandscapeLeft UIInterfaceOrientationLandscapeRight";
				LD_RUNPATH_SEARCH_PATHS = (
					"$(inherited)",
					"@executable_path/Frameworks",
				);
				MARKETING_VERSION = 1.0;
				PRODUCT_BUNDLE_IDENTIFIER = Syrym.myCurrencyExchangeApp;
				PRODUCT_NAME = "$(TARGET_NAME)";
				SWIFT_EMIT_LOC_STRINGS = YES;
				SWIFT_VERSION = 5.0;
				TARGETED_DEVICE_FAMILY = "1,2";
			};
			name = Debug;
		};
		C5716DF329C2487200E545CF /* Release */ = {
			isa = XCBuildConfiguration;
			buildSettings = {
				ASSETCATALOG_COMPILER_APPICON_NAME = AppIcon;
				ASSETCATALOG_COMPILER_GLOBAL_ACCENT_COLOR_NAME = AccentColor;
				CODE_SIGN_STYLE = Automatic;
				CURRENT_PROJECT_VERSION = 1;
				GENERATE_INFOPLIST_FILE = YES;
				INFOPLIST_FILE = myCurrencyExchangeApp/Info.plist;
				INFOPLIST_KEY_UIApplicationSupportsIndirectInputEvents = YES;
				INFOPLIST_KEY_UILaunchStoryboardName = LaunchScreen;
				INFOPLIST_KEY_UIMainStoryboardFile = Main;
				INFOPLIST_KEY_UISupportedInterfaceOrientations_iPad = "UIInterfaceOrientationPortrait UIInterfaceOrientationPortraitUpsideDown UIInterfaceOrientationLandscapeLeft UIInterfaceOrientationLandscapeRight";
				INFOPLIST_KEY_UISupportedInterfaceOrientations_iPhone = "UIInterfaceOrientationPortrait UIInterfaceOrientationLandscapeLeft UIInterfaceOrientationLandscapeRight";
				LD_RUNPATH_SEARCH_PATHS = (
					"$(inherited)",
					"@executable_path/Frameworks",
				);
				MARKETING_VERSION = 1.0;
				PRODUCT_BUNDLE_IDENTIFIER = Syrym.myCurrencyExchangeApp;
				PRODUCT_NAME = "$(TARGET_NAME)";
				SWIFT_EMIT_LOC_STRINGS = YES;
				SWIFT_VERSION = 5.0;
				TARGETED_DEVICE_FAMILY = "1,2";
			};
			name = Release;
		};
/* End XCBuildConfiguration section */

/* Begin XCConfigurationList section */
		C5716DD829C2487100E545CF /* Build configuration list for PBXProject "myCurrencyExchangeApp" */ = {
			isa = XCConfigurationList;
			buildConfigurations = (
				C5716DEF29C2487200E545CF /* Debug */,
				C5716DF029C2487200E545CF /* Release */,
			);
			defaultConfigurationIsVisible = 0;
			defaultConfigurationName = Release;
		};
		C5716DF129C2487200E545CF /* Build configuration list for PBXNativeTarget "myCurrencyExchangeApp" */ = {
			isa = XCConfigurationList;
			buildConfigurations = (
				C5716DF229C2487200E545CF /* Debug */,
				C5716DF329C2487200E545CF /* Release */,
			);
			defaultConfigurationIsVisible = 0;
			defaultConfigurationName = Release;
		};
/* End XCConfigurationList section */
	};
	rootObject = C5716DD529C2487100E545CF /* Project object */;
}
